
Microsoft Visual Studio Solution File, Format Version 12.00
# Visual Studio 2012
Project("{FAE04EC0-301F-11D3-BF4B-00C04F79EFBC}") = "GIT", "GIT\GIT.csproj", "{46963ACF-C663-4CE1-87DE-B6850591BE9C}"
EndProject
Global
	GlobalSection(SolutionConfigurationPlatforms) = preSolution
		Debug|Any CPU = Debug|Any CPU
		Release|Any CPU = Release|Any CPU
	EndGlobalSection
	GlobalSection(ProjectConfigurationPlatforms) = postSolution
		{46963ACF-C663-4CE1-87DE-B6850591BE9C}.Debug|Any CPU.ActiveCfg = Debug|Any CPU
		{46963ACF-C663-4CE1-87DE-B6850591BE9C}.Debug|Any CPU.Build.0 = Debug|Any CPU
		{46963ACF-C663-4CE1-87DE-B6850591BE9C}.Release|Any CPU.ActiveCfg = Release|Any CPU
		{46963ACF-C663-4CE1-87DE-B6850591BE9C}.Release|Any CPU.Build.0 = Release|Any CPU
	EndGlobalSection
	GlobalSection(SolutionProperties) = preSolution
		HideSolutionNode = FALSE
	EndGlobalSection
EndGlobal
